// !$*UTF8*$!
{
	archiveVersion = 1;
	classes = {
	};
	objectVersion = 51;
	objects = {

/* Begin PBXBuildFile section */
		A3136FC4257DF3C000CEA185 /* EditUsernameViewController.swift in Sources */ = {isa = PBXBuildFile; fileRef = A3136FC3257DF3C000CEA185 /* EditUsernameViewController.swift */; };
		A3136FC7257E04DE00CEA185 /* EditBioViewController.swift in Sources */ = {isa = PBXBuildFile; fileRef = A3136FC6257E04DE00CEA185 /* EditBioViewController.swift */; };
		A313700F257E58C400CEA185 /* PostManager.swift in Sources */ = {isa = PBXBuildFile; fileRef = A313700E257E58C400CEA185 /* PostManager.swift */; };
		A3137012257E5C4100CEA185 /* UIImage + Extension.swift in Sources */ = {isa = PBXBuildFile; fileRef = A3137011257E5C4100CEA185 /* UIImage + Extension.swift */; };
		A3137015257E872500CEA185 /* CacheManager.swift in Sources */ = {isa = PBXBuildFile; fileRef = A3137014257E872500CEA185 /* CacheManager.swift */; };
		A313701B257EBB1D00CEA185 /* UINavigationController + Extension.swift in Sources */ = {isa = PBXBuildFile; fileRef = A313701A257EBB1D00CEA185 /* UINavigationController + Extension.swift */; };
		A316BE402574F30700989152 /* FeedViewController.swift in Sources */ = {isa = PBXBuildFile; fileRef = A316BE3F2574F30700989152 /* FeedViewController.swift */; };
		A316BE432574F3F400989152 /* FeedTableViewCell.swift in Sources */ = {isa = PBXBuildFile; fileRef = A316BE422574F3F400989152 /* FeedTableViewCell.swift */; };
		A316BE4A2575070D00989152 /* SearchTableViewCell.swift in Sources */ = {isa = PBXBuildFile; fileRef = A316BE492575070C00989152 /* SearchTableViewCell.swift */; };
		A316BE4D2575072200989152 /* SearchViewController.swift in Sources */ = {isa = PBXBuildFile; fileRef = A316BE4C2575072100989152 /* SearchViewController.swift */; };
		A316BE512575245D00989152 /* UIViewController + Extension.swift in Sources */ = {isa = PBXBuildFile; fileRef = A316BE502575245C00989152 /* UIViewController + Extension.swift */; };
		A316BED82575323700989152 /* CameraViewController.swift in Sources */ = {isa = PBXBuildFile; fileRef = A316BED72575323700989152 /* CameraViewController.swift */; };
		A331583E257F931F004CC86C /* DataClass.swift in Sources */ = {isa = PBXBuildFile; fileRef = A331583D257F931F004CC86C /* DataClass.swift */; };
		A3315841257FB1FB004CC86C /* launchscreen_logo_0.png in Resources */ = {isa = PBXBuildFile; fileRef = A3315840257FB1FB004CC86C /* launchscreen_logo_0.png */; };
		A3315844257FC072004CC86C /* PickUsernameViewController.swift in Sources */ = {isa = PBXBuildFile; fileRef = A3315843257FC072004CC86C /* PickUsernameViewController.swift */; };
		A3315847257FC07F004CC86C /* PickProfilePhotoViewController.swift in Sources */ = {isa = PBXBuildFile; fileRef = A3315846257FC07F004CC86C /* PickProfilePhotoViewController.swift */; };
		A331584B257FC950004CC86C /* UserManager.swift in Sources */ = {isa = PBXBuildFile; fileRef = A331584A257FC950004CC86C /* UserManager.swift */; };
		A33EFB432580FF0F00E9F336 /* Storyboard + Enum.swift in Sources */ = {isa = PBXBuildFile; fileRef = A33EFB422580FF0F00E9F336 /* Storyboard + Enum.swift */; };
		A33EFB46258145AF00E9F336 /* UIColor + Extension.swift in Sources */ = {isa = PBXBuildFile; fileRef = A33EFB45258145AF00E9F336 /* UIColor + Extension.swift */; };
		A344F41C257A61CA0048B754 /* RoundedCornerButton.swift in Sources */ = {isa = PBXBuildFile; fileRef = A344F41B257A61CA0048B754 /* RoundedCornerButton.swift */; };
		A3551E46257252490006099A /* MapsNetworking.swift in Sources */ = {isa = PBXBuildFile; fileRef = A3551E45257252480006099A /* MapsNetworking.swift */; };
		A3551E4B257256110006099A /* User.swift in Sources */ = {isa = PBXBuildFile; fileRef = A3551E4A257256110006099A /* User.swift */; };
		A3551E7725728F610006099A /* Post.swift in Sources */ = {isa = PBXBuildFile; fileRef = A3551E7625728F610006099A /* Post.swift */; };
		A3551E7C25728FCC0006099A /* Comment.swift in Sources */ = {isa = PBXBuildFile; fileRef = A3551E7B25728FCC0006099A /* Comment.swift */; };
		A3551E7F25728FF10006099A /* UserIsTyping.swift in Sources */ = {isa = PBXBuildFile; fileRef = A3551E7E25728FF10006099A /* UserIsTyping.swift */; };
		A3551E9F2572A5F10006099A /* AnnotationPin.swift in Sources */ = {isa = PBXBuildFile; fileRef = A3551E9E2572A5F10006099A /* AnnotationPin.swift */; };
		A3551EA22572AEE50006099A /* Calendar + Extension.swift in Sources */ = {isa = PBXBuildFile; fileRef = A3551EA12572AEE50006099A /* Calendar + Extension.swift */; };
		A3551EA525734E260006099A /* LocationNetworking.swift in Sources */ = {isa = PBXBuildFile; fileRef = A3551EA425734E260006099A /* LocationNetworking.swift */; };
		A3551EA825734FC10006099A /* CurrentUser.swift in Sources */ = {isa = PBXBuildFile; fileRef = A3551EA725734FC10006099A /* CurrentUser.swift */; };
		A3551EAB257358A30006099A /* UserAnnotationView.swift in Sources */ = {isa = PBXBuildFile; fileRef = A3551EAA257358A30006099A /* UserAnnotationView.swift */; };
		A3551EAE25735B000006099A /* UIImageView + Extension.swift in Sources */ = {isa = PBXBuildFile; fileRef = A3551EAD25735B000006099A /* UIImageView + Extension.swift */; };
		A3551EB2257361820006099A /* CurrentUserAnnotationView.swift in Sources */ = {isa = PBXBuildFile; fileRef = A3551EB1257361820006099A /* CurrentUserAnnotationView.swift */; };
		A3551EB5257363D70006099A /* UserInfoTab.swift in Sources */ = {isa = PBXBuildFile; fileRef = A3551EB4257363D70006099A /* UserInfoTab.swift */; };
		A3551EB9257372890006099A /* MGLMapViewDelegate + Extension.swift in Sources */ = {isa = PBXBuildFile; fileRef = A3551EB8257372890006099A /* MGLMapViewDelegate + Extension.swift */; };
		A3551EBC257378FB0006099A /* CustomUserLocationAnnotationView.swift in Sources */ = {isa = PBXBuildFile; fileRef = A3551EBB257378FB0006099A /* CustomUserLocationAnnotationView.swift */; };
		A3551EC12573901A0006099A /* UserListNetworking.swift in Sources */ = {isa = PBXBuildFile; fileRef = A3551EC02573901A0006099A /* UserListNetworking.swift */; };
		A35BCC1D2570C6290090B95E /* GoogleService-Info.plist in Resources */ = {isa = PBXBuildFile; fileRef = A35BCC1C2570C6290090B95E /* GoogleService-Info.plist */; };
		A35BCC202570EF830090B95E /* MapKit.framework in Frameworks */ = {isa = PBXBuildFile; fileRef = A35BCC1F2570EF830090B95E /* MapKit.framework */; };
		A38293922578DF770064D971 /* PostTableViewCell.swift in Sources */ = {isa = PBXBuildFile; fileRef = A38293912578DF770064D971 /* PostTableViewCell.swift */; };
		A38293B025793CF50064D971 /* UserLocation.swift in Sources */ = {isa = PBXBuildFile; fileRef = A38293AF25793CF50064D971 /* UserLocation.swift */; };
		A3C136A5257BE0C200960B4C /* EditProfile.storyboard in Resources */ = {isa = PBXBuildFile; fileRef = A3C136A4257BE0C200960B4C /* EditProfile.storyboard */; };
		A3C136A9257BE3C500960B4C /* EditProfileTableViewController.swift in Sources */ = {isa = PBXBuildFile; fileRef = A3C136A8257BE3C500960B4C /* EditProfileTableViewController.swift */; };
		A3C136D4257CBC9500960B4C /* UITextView + Extension.swift in Sources */ = {isa = PBXBuildFile; fileRef = A3C136D3257CBC9500960B4C /* UITextView + Extension.swift */; };
		A3C136DA257CC50700960B4C /* EditNameViewController.swift in Sources */ = {isa = PBXBuildFile; fileRef = A3C136D9257CC50700960B4C /* EditNameViewController.swift */; };
		A3C195A225765F0200BAB46B /* UILabel + Extension.swift in Sources */ = {isa = PBXBuildFile; fileRef = A3C195A125765F0200BAB46B /* UILabel + Extension.swift */; };
		A3C195B22577746C00BAB46B /* SignInViewController.swift in Sources */ = {isa = PBXBuildFile; fileRef = A3C195B12577746C00BAB46B /* SignInViewController.swift */; };
		A3C195B52577747D00BAB46B /* SignUpViewController.swift in Sources */ = {isa = PBXBuildFile; fileRef = A3C195B42577747D00BAB46B /* SignUpViewController.swift */; };
		A3C195B82577751600BAB46B /* MessagesViewController.swift in Sources */ = {isa = PBXBuildFile; fileRef = A3C195B72577751600BAB46B /* MessagesViewController.swift */; };
		A3C195BC257775FF00BAB46B /* NotificationsViewController.swift in Sources */ = {isa = PBXBuildFile; fileRef = A3C195BB257775FF00BAB46B /* NotificationsViewController.swift */; };
		A3C195C0257777A500BAB46B /* PostViewController.swift in Sources */ = {isa = PBXBuildFile; fileRef = A3C195BF257777A500BAB46B /* PostViewController.swift */; };
		A3C195C92577783800BAB46B /* UserListViewController.swift in Sources */ = {isa = PBXBuildFile; fileRef = A3C195C82577783800BAB46B /* UserListViewController.swift */; };
		A3C195CC257778F200BAB46B /* PostEditorViewController.swift in Sources */ = {isa = PBXBuildFile; fileRef = A3C195CB257778F200BAB46B /* PostEditorViewController.swift */; };
		A3C195CF2577790600BAB46B /* PublishPostViewController.swift in Sources */ = {isa = PBXBuildFile; fileRef = A3C195CE2577790600BAB46B /* PublishPostViewController.swift */; };
		A3C195DD25778FD600BAB46B /* FirestoreManager.swift in Sources */ = {isa = PBXBuildFile; fileRef = A3C195DC25778FD600BAB46B /* FirestoreManager.swift */; };
		A3C195E02577902100BAB46B /* StorageManager.swift in Sources */ = {isa = PBXBuildFile; fileRef = A3C195DF2577902100BAB46B /* StorageManager.swift */; };
		A3C195E32577934C00BAB46B /* Auth.storyboard in Resources */ = {isa = PBXBuildFile; fileRef = A3C195E22577934C00BAB46B /* Auth.storyboard */; };
		A3C195E725779A9C00BAB46B /* UIView + Extension.swift in Sources */ = {isa = PBXBuildFile; fileRef = A3C195E625779A9C00BAB46B /* UIView + Extension.swift */; };
		A3C195EA2577D6E600BAB46B /* MyPhotoCollectionViewCell.swift in Sources */ = {isa = PBXBuildFile; fileRef = A3C195E92577D6E600BAB46B /* MyPhotoCollectionViewCell.swift */; };
		A3C195ED2577E35F00BAB46B /* MyProfileViewController.swift in Sources */ = {isa = PBXBuildFile; fileRef = A3C195EC2577E35F00BAB46B /* MyProfileViewController.swift */; };
		A3C195F02577E7CF00BAB46B /* MyProfileHeaderCollectionReusableView.swift in Sources */ = {isa = PBXBuildFile; fileRef = A3C195EF2577E7CF00BAB46B /* MyProfileHeaderCollectionReusableView.swift */; };
		A3C195F32577E80900BAB46B /* MyProfileTabsCollectionReusableView.swift in Sources */ = {isa = PBXBuildFile; fileRef = A3C195F22577E80900BAB46B /* MyProfileTabsCollectionReusableView.swift */; };
		A3CEA99B256F87F1001DA842 /* AppDelegate.swift in Sources */ = {isa = PBXBuildFile; fileRef = A3CEA99A256F87F1001DA842 /* AppDelegate.swift */; };
		A3CEA99D256F87F1001DA842 /* SceneDelegate.swift in Sources */ = {isa = PBXBuildFile; fileRef = A3CEA99C256F87F1001DA842 /* SceneDelegate.swift */; };
		A3CEA99F256F87F1001DA842 /* MapsViewController.swift in Sources */ = {isa = PBXBuildFile; fileRef = A3CEA99E256F87F1001DA842 /* MapsViewController.swift */; };
		A3CEA9A2256F87F1001DA842 /* Main.storyboard in Resources */ = {isa = PBXBuildFile; fileRef = A3CEA9A0256F87F1001DA842 /* Main.storyboard */; };
		A3CEA9A5256F87F1001DA842 /* Yogogo.xcdatamodeld in Sources */ = {isa = PBXBuildFile; fileRef = A3CEA9A3256F87F1001DA842 /* Yogogo.xcdatamodeld */; };
		A3CEA9A7256F87F4001DA842 /* Assets.xcassets in Resources */ = {isa = PBXBuildFile; fileRef = A3CEA9A6256F87F4001DA842 /* Assets.xcassets */; };
		A3EE02E9257B489800459C54 /* WelcomeViewController.swift in Sources */ = {isa = PBXBuildFile; fileRef = A3EE02E8257B489700459C54 /* WelcomeViewController.swift */; };
		A3EE02ED257B5FEB00459C54 /* Camera.storyboard in Resources */ = {isa = PBXBuildFile; fileRef = A3EE02EC257B5FEB00459C54 /* Camera.storyboard */; };
		A3EE02F9257B6D7300459C54 /* Launch Screen.storyboard in Resources */ = {isa = PBXBuildFile; fileRef = A3EE02F8257B6D7300459C54 /* Launch Screen.storyboard */; };
		A3EE0318257BB57600459C54 /* Settings.storyboard in Resources */ = {isa = PBXBuildFile; fileRef = A3EE0317257BB57600459C54 /* Settings.storyboard */; };
		A3EE0328257BB98500459C54 /* SettingsTableViewController.swift in Sources */ = {isa = PBXBuildFile; fileRef = A3EE0327257BB98500459C54 /* SettingsTableViewController.swift */; };
		EBA0C7B7CB20B17C5302B71E /* Pods_Yogogo.framework in Frameworks */ = {isa = PBXBuildFile; fileRef = C8F10A593450A151479F13EE /* Pods_Yogogo.framework */; };
/* End PBXBuildFile section */

/* Begin PBXFileReference section */
		156181625CD64B20800EA195 /* Pods-Yogogo.debug.xcconfig */ = {isa = PBXFileReference; includeInIndex = 1; lastKnownFileType = text.xcconfig; name = "Pods-Yogogo.debug.xcconfig"; path = "Target Support Files/Pods-Yogogo/Pods-Yogogo.debug.xcconfig"; sourceTree = "<group>"; };
		A3136FC3257DF3C000CEA185 /* EditUsernameViewController.swift */ = {isa = PBXFileReference; lastKnownFileType = sourcecode.swift; path = EditUsernameViewController.swift; sourceTree = "<group>"; };
		A3136FC6257E04DE00CEA185 /* EditBioViewController.swift */ = {isa = PBXFileReference; lastKnownFileType = sourcecode.swift; path = EditBioViewController.swift; sourceTree = "<group>"; };
		A313700E257E58C400CEA185 /* PostManager.swift */ = {isa = PBXFileReference; lastKnownFileType = sourcecode.swift; path = PostManager.swift; sourceTree = "<group>"; };
		A3137011257E5C4100CEA185 /* UIImage + Extension.swift */ = {isa = PBXFileReference; lastKnownFileType = sourcecode.swift; path = "UIImage + Extension.swift"; sourceTree = "<group>"; };
		A3137014257E872500CEA185 /* CacheManager.swift */ = {isa = PBXFileReference; lastKnownFileType = sourcecode.swift; path = CacheManager.swift; sourceTree = "<group>"; };
		A313701A257EBB1D00CEA185 /* UINavigationController + Extension.swift */ = {isa = PBXFileReference; lastKnownFileType = sourcecode.swift; path = "UINavigationController + Extension.swift"; sourceTree = "<group>"; };
		A316BE3F2574F30700989152 /* FeedViewController.swift */ = {isa = PBXFileReference; lastKnownFileType = sourcecode.swift; path = FeedViewController.swift; sourceTree = "<group>"; };
		A316BE422574F3F400989152 /* FeedTableViewCell.swift */ = {isa = PBXFileReference; lastKnownFileType = sourcecode.swift; path = FeedTableViewCell.swift; sourceTree = "<group>"; };
		A316BE492575070C00989152 /* SearchTableViewCell.swift */ = {isa = PBXFileReference; lastKnownFileType = sourcecode.swift; path = SearchTableViewCell.swift; sourceTree = "<group>"; };
		A316BE4C2575072100989152 /* SearchViewController.swift */ = {isa = PBXFileReference; lastKnownFileType = sourcecode.swift; path = SearchViewController.swift; sourceTree = "<group>"; };
		A316BE502575245C00989152 /* UIViewController + Extension.swift */ = {isa = PBXFileReference; lastKnownFileType = sourcecode.swift; path = "UIViewController + Extension.swift"; sourceTree = "<group>"; };
		A316BED72575323700989152 /* CameraViewController.swift */ = {isa = PBXFileReference; lastKnownFileType = sourcecode.swift; path = CameraViewController.swift; sourceTree = "<group>"; };
		A331583D257F931F004CC86C /* DataClass.swift */ = {isa = PBXFileReference; lastKnownFileType = sourcecode.swift; path = DataClass.swift; sourceTree = "<group>"; };
		A3315840257FB1FB004CC86C /* launchscreen_logo_0.png */ = {isa = PBXFileReference; lastKnownFileType = image.png; path = launchscreen_logo_0.png; sourceTree = "<group>"; };
		A3315843257FC072004CC86C /* PickUsernameViewController.swift */ = {isa = PBXFileReference; lastKnownFileType = sourcecode.swift; path = PickUsernameViewController.swift; sourceTree = "<group>"; };
		A3315846257FC07F004CC86C /* PickProfilePhotoViewController.swift */ = {isa = PBXFileReference; lastKnownFileType = sourcecode.swift; path = PickProfilePhotoViewController.swift; sourceTree = "<group>"; };
		A331584A257FC950004CC86C /* UserManager.swift */ = {isa = PBXFileReference; lastKnownFileType = sourcecode.swift; path = UserManager.swift; sourceTree = "<group>"; };
		A33EFB422580FF0F00E9F336 /* Storyboard + Enum.swift */ = {isa = PBXFileReference; lastKnownFileType = sourcecode.swift; path = "Storyboard + Enum.swift"; sourceTree = "<group>"; };
		A33EFB45258145AF00E9F336 /* UIColor + Extension.swift */ = {isa = PBXFileReference; lastKnownFileType = sourcecode.swift; path = "UIColor + Extension.swift"; sourceTree = "<group>"; };
		A344F41B257A61CA0048B754 /* RoundedCornerButton.swift */ = {isa = PBXFileReference; lastKnownFileType = sourcecode.swift; path = RoundedCornerButton.swift; sourceTree = "<group>"; };
		A3551E45257252480006099A /* MapsNetworking.swift */ = {isa = PBXFileReference; lastKnownFileType = sourcecode.swift; path = MapsNetworking.swift; sourceTree = "<group>"; };
		A3551E4A257256110006099A /* User.swift */ = {isa = PBXFileReference; lastKnownFileType = sourcecode.swift; path = User.swift; sourceTree = "<group>"; };
		A3551E7625728F610006099A /* Post.swift */ = {isa = PBXFileReference; lastKnownFileType = sourcecode.swift; path = Post.swift; sourceTree = "<group>"; };
		A3551E7B25728FCC0006099A /* Comment.swift */ = {isa = PBXFileReference; lastKnownFileType = sourcecode.swift; path = Comment.swift; sourceTree = "<group>"; };
		A3551E7E25728FF10006099A /* UserIsTyping.swift */ = {isa = PBXFileReference; lastKnownFileType = sourcecode.swift; path = UserIsTyping.swift; sourceTree = "<group>"; };
		A3551E9E2572A5F10006099A /* AnnotationPin.swift */ = {isa = PBXFileReference; lastKnownFileType = sourcecode.swift; path = AnnotationPin.swift; sourceTree = "<group>"; };
		A3551EA12572AEE50006099A /* Calendar + Extension.swift */ = {isa = PBXFileReference; lastKnownFileType = sourcecode.swift; path = "Calendar + Extension.swift"; sourceTree = "<group>"; };
		A3551EA425734E260006099A /* LocationNetworking.swift */ = {isa = PBXFileReference; lastKnownFileType = sourcecode.swift; path = LocationNetworking.swift; sourceTree = "<group>"; };
		A3551EA725734FC10006099A /* CurrentUser.swift */ = {isa = PBXFileReference; lastKnownFileType = sourcecode.swift; path = CurrentUser.swift; sourceTree = "<group>"; };
		A3551EAA257358A30006099A /* UserAnnotationView.swift */ = {isa = PBXFileReference; lastKnownFileType = sourcecode.swift; path = UserAnnotationView.swift; sourceTree = "<group>"; };
		A3551EAD25735B000006099A /* UIImageView + Extension.swift */ = {isa = PBXFileReference; lastKnownFileType = sourcecode.swift; path = "UIImageView + Extension.swift"; sourceTree = "<group>"; };
		A3551EB1257361820006099A /* CurrentUserAnnotationView.swift */ = {isa = PBXFileReference; lastKnownFileType = sourcecode.swift; path = CurrentUserAnnotationView.swift; sourceTree = "<group>"; };
		A3551EB4257363D70006099A /* UserInfoTab.swift */ = {isa = PBXFileReference; lastKnownFileType = sourcecode.swift; path = UserInfoTab.swift; sourceTree = "<group>"; };
		A3551EB8257372890006099A /* MGLMapViewDelegate + Extension.swift */ = {isa = PBXFileReference; lastKnownFileType = sourcecode.swift; path = "MGLMapViewDelegate + Extension.swift"; sourceTree = "<group>"; };
		A3551EBB257378FB0006099A /* CustomUserLocationAnnotationView.swift */ = {isa = PBXFileReference; lastKnownFileType = sourcecode.swift; path = CustomUserLocationAnnotationView.swift; sourceTree = "<group>"; };
		A3551EC02573901A0006099A /* UserListNetworking.swift */ = {isa = PBXFileReference; lastKnownFileType = sourcecode.swift; path = UserListNetworking.swift; sourceTree = "<group>"; };
		A35BCC1C2570C6290090B95E /* GoogleService-Info.plist */ = {isa = PBXFileReference; fileEncoding = 4; lastKnownFileType = text.plist.xml; path = "GoogleService-Info.plist"; sourceTree = "<group>"; };
		A35BCC1F2570EF830090B95E /* MapKit.framework */ = {isa = PBXFileReference; lastKnownFileType = wrapper.framework; name = MapKit.framework; path = System/Library/Frameworks/MapKit.framework; sourceTree = SDKROOT; };
		A38293912578DF770064D971 /* PostTableViewCell.swift */ = {isa = PBXFileReference; lastKnownFileType = sourcecode.swift; path = PostTableViewCell.swift; sourceTree = "<group>"; };
		A38293AF25793CF50064D971 /* UserLocation.swift */ = {isa = PBXFileReference; lastKnownFileType = sourcecode.swift; path = UserLocation.swift; sourceTree = "<group>"; };
		A3C136A4257BE0C200960B4C /* EditProfile.storyboard */ = {isa = PBXFileReference; lastKnownFileType = file.storyboard; path = EditProfile.storyboard; sourceTree = "<group>"; };
		A3C136A8257BE3C500960B4C /* EditProfileTableViewController.swift */ = {isa = PBXFileReference; lastKnownFileType = sourcecode.swift; path = EditProfileTableViewController.swift; sourceTree = "<group>"; };
		A3C136D3257CBC9500960B4C /* UITextView + Extension.swift */ = {isa = PBXFileReference; lastKnownFileType = sourcecode.swift; path = "UITextView + Extension.swift"; sourceTree = "<group>"; };
		A3C136D9257CC50700960B4C /* EditNameViewController.swift */ = {isa = PBXFileReference; lastKnownFileType = sourcecode.swift; path = EditNameViewController.swift; sourceTree = "<group>"; };
		A3C195A125765F0200BAB46B /* UILabel + Extension.swift */ = {isa = PBXFileReference; lastKnownFileType = sourcecode.swift; path = "UILabel + Extension.swift"; sourceTree = "<group>"; };
		A3C195B12577746C00BAB46B /* SignInViewController.swift */ = {isa = PBXFileReference; lastKnownFileType = sourcecode.swift; path = SignInViewController.swift; sourceTree = "<group>"; };
		A3C195B42577747D00BAB46B /* SignUpViewController.swift */ = {isa = PBXFileReference; lastKnownFileType = sourcecode.swift; path = SignUpViewController.swift; sourceTree = "<group>"; };
		A3C195B72577751600BAB46B /* MessagesViewController.swift */ = {isa = PBXFileReference; lastKnownFileType = sourcecode.swift; path = MessagesViewController.swift; sourceTree = "<group>"; };
		A3C195BB257775FF00BAB46B /* NotificationsViewController.swift */ = {isa = PBXFileReference; lastKnownFileType = sourcecode.swift; path = NotificationsViewController.swift; sourceTree = "<group>"; };
		A3C195BF257777A500BAB46B /* PostViewController.swift */ = {isa = PBXFileReference; lastKnownFileType = sourcecode.swift; path = PostViewController.swift; sourceTree = "<group>"; };
		A3C195C82577783800BAB46B /* UserListViewController.swift */ = {isa = PBXFileReference; lastKnownFileType = sourcecode.swift; path = UserListViewController.swift; sourceTree = "<group>"; };
		A3C195CB257778F200BAB46B /* PostEditorViewController.swift */ = {isa = PBXFileReference; lastKnownFileType = sourcecode.swift; path = PostEditorViewController.swift; sourceTree = "<group>"; };
		A3C195CE2577790600BAB46B /* PublishPostViewController.swift */ = {isa = PBXFileReference; lastKnownFileType = sourcecode.swift; path = PublishPostViewController.swift; sourceTree = "<group>"; };
		A3C195DC25778FD600BAB46B /* FirestoreManager.swift */ = {isa = PBXFileReference; lastKnownFileType = sourcecode.swift; path = FirestoreManager.swift; sourceTree = "<group>"; };
		A3C195DF2577902100BAB46B /* StorageManager.swift */ = {isa = PBXFileReference; lastKnownFileType = sourcecode.swift; path = StorageManager.swift; sourceTree = "<group>"; };
		A3C195E22577934C00BAB46B /* Auth.storyboard */ = {isa = PBXFileReference; lastKnownFileType = file.storyboard; path = Auth.storyboard; sourceTree = "<group>"; };
		A3C195E625779A9C00BAB46B /* UIView + Extension.swift */ = {isa = PBXFileReference; lastKnownFileType = sourcecode.swift; path = "UIView + Extension.swift"; sourceTree = "<group>"; };
		A3C195E92577D6E600BAB46B /* MyPhotoCollectionViewCell.swift */ = {isa = PBXFileReference; lastKnownFileType = sourcecode.swift; path = MyPhotoCollectionViewCell.swift; sourceTree = "<group>"; };
		A3C195EC2577E35F00BAB46B /* MyProfileViewController.swift */ = {isa = PBXFileReference; lastKnownFileType = sourcecode.swift; path = MyProfileViewController.swift; sourceTree = "<group>"; };
		A3C195EF2577E7CF00BAB46B /* MyProfileHeaderCollectionReusableView.swift */ = {isa = PBXFileReference; lastKnownFileType = sourcecode.swift; path = MyProfileHeaderCollectionReusableView.swift; sourceTree = "<group>"; };
		A3C195F22577E80900BAB46B /* MyProfileTabsCollectionReusableView.swift */ = {isa = PBXFileReference; lastKnownFileType = sourcecode.swift; path = MyProfileTabsCollectionReusableView.swift; sourceTree = "<group>"; };
		A3CEA997256F87F1001DA842 /* Yogogo.app */ = {isa = PBXFileReference; explicitFileType = wrapper.application; includeInIndex = 0; path = Yogogo.app; sourceTree = BUILT_PRODUCTS_DIR; };
		A3CEA99A256F87F1001DA842 /* AppDelegate.swift */ = {isa = PBXFileReference; lastKnownFileType = sourcecode.swift; path = AppDelegate.swift; sourceTree = "<group>"; };
		A3CEA99C256F87F1001DA842 /* SceneDelegate.swift */ = {isa = PBXFileReference; lastKnownFileType = sourcecode.swift; path = SceneDelegate.swift; sourceTree = "<group>"; };
		A3CEA99E256F87F1001DA842 /* MapsViewController.swift */ = {isa = PBXFileReference; lastKnownFileType = sourcecode.swift; path = MapsViewController.swift; sourceTree = "<group>"; };
		A3CEA9A1256F87F1001DA842 /* Base */ = {isa = PBXFileReference; lastKnownFileType = file.storyboard; name = Base; path = Base.lproj/Main.storyboard; sourceTree = "<group>"; };
		A3CEA9A4256F87F1001DA842 /* Yogogo.xcdatamodel */ = {isa = PBXFileReference; lastKnownFileType = wrapper.xcdatamodel; path = Yogogo.xcdatamodel; sourceTree = "<group>"; };
		A3CEA9A6256F87F4001DA842 /* Assets.xcassets */ = {isa = PBXFileReference; lastKnownFileType = folder.assetcatalog; path = Assets.xcassets; sourceTree = "<group>"; };
		A3CEA9AB256F87F4001DA842 /* Info.plist */ = {isa = PBXFileReference; lastKnownFileType = text.plist.xml; path = Info.plist; sourceTree = "<group>"; };
		A3EE02E8257B489700459C54 /* WelcomeViewController.swift */ = {isa = PBXFileReference; lastKnownFileType = sourcecode.swift; path = WelcomeViewController.swift; sourceTree = "<group>"; };
		A3EE02EC257B5FEB00459C54 /* Camera.storyboard */ = {isa = PBXFileReference; lastKnownFileType = file.storyboard; path = Camera.storyboard; sourceTree = "<group>"; };
		A3EE02F8257B6D7300459C54 /* Launch Screen.storyboard */ = {isa = PBXFileReference; lastKnownFileType = file.storyboard; path = "Launch Screen.storyboard"; sourceTree = "<group>"; };
		A3EE0308257B7B2500459C54 /* launchscreen_logo_0.png */ = {isa = PBXFileReference; lastKnownFileType = image.png; path = launchscreen_logo_0.png; sourceTree = "<group>"; };
		A3EE0310257B8E5900459C54 /* Yogogo.entitlements */ = {isa = PBXFileReference; lastKnownFileType = text.plist.entitlements; path = Yogogo.entitlements; sourceTree = "<group>"; };
		A3EE0317257BB57600459C54 /* Settings.storyboard */ = {isa = PBXFileReference; lastKnownFileType = file.storyboard; path = Settings.storyboard; sourceTree = "<group>"; };
		A3EE0327257BB98500459C54 /* SettingsTableViewController.swift */ = {isa = PBXFileReference; lastKnownFileType = sourcecode.swift; path = SettingsTableViewController.swift; sourceTree = "<group>"; };
		C8F10A593450A151479F13EE /* Pods_Yogogo.framework */ = {isa = PBXFileReference; explicitFileType = wrapper.framework; includeInIndex = 0; path = Pods_Yogogo.framework; sourceTree = BUILT_PRODUCTS_DIR; };
		CD5866D8A6CE4D3ADE008249 /* Pods-Yogogo.release.xcconfig */ = {isa = PBXFileReference; includeInIndex = 1; lastKnownFileType = text.xcconfig; name = "Pods-Yogogo.release.xcconfig"; path = "Target Support Files/Pods-Yogogo/Pods-Yogogo.release.xcconfig"; sourceTree = "<group>"; };
/* End PBXFileReference section */

/* Begin PBXFrameworksBuildPhase section */
		A3CEA994256F87F1001DA842 /* Frameworks */ = {
			isa = PBXFrameworksBuildPhase;
			buildActionMask = 2147483647;
			files = (
				A35BCC202570EF830090B95E /* MapKit.framework in Frameworks */,
				EBA0C7B7CB20B17C5302B71E /* Pods_Yogogo.framework in Frameworks */,
			);
			runOnlyForDeploymentPostprocessing = 0;
		};
/* End PBXFrameworksBuildPhase section */

/* Begin PBXGroup section */
		85420101885810C289ADB45C /* Pods */ = {
			isa = PBXGroup;
			children = (
				156181625CD64B20800EA195 /* Pods-Yogogo.debug.xcconfig */,
				CD5866D8A6CE4D3ADE008249 /* Pods-Yogogo.release.xcconfig */,
			);
			path = Pods;
			sourceTree = "<group>";
		};
		A316BE0F2574E7AB00989152 /* Feed */ = {
			isa = PBXGroup;
			children = (
				A316BE3F2574F30700989152 /* FeedViewController.swift */,
				A316BE422574F3F400989152 /* FeedTableViewCell.swift */,
			);
			path = Feed;
			sourceTree = "<group>";
		};
		A316BE47257504E700989152 /* Search */ = {
			isa = PBXGroup;
			children = (
				A316BE4C2575072100989152 /* SearchViewController.swift */,
				A316BE492575070C00989152 /* SearchTableViewCell.swift */,
			);
			path = Search;
			sourceTree = "<group>";
		};
		A316BF082575805500989152 /* Profile */ = {
			isa = PBXGroup;
			children = (
				A3C195EC2577E35F00BAB46B /* MyProfileViewController.swift */,
				A3C195E92577D6E600BAB46B /* MyPhotoCollectionViewCell.swift */,
				A3C195EF2577E7CF00BAB46B /* MyProfileHeaderCollectionReusableView.swift */,
				A3C195F22577E80900BAB46B /* MyProfileTabsCollectionReusableView.swift */,
			);
			path = Profile;
			sourceTree = "<group>";
		};
		A3551E49257255F50006099A /* Models */ = {
			isa = PBXGroup;
			children = (
				A3551E4A257256110006099A /* User.swift */,
				A3551E7625728F610006099A /* Post.swift */,
				A38293AF25793CF50064D971 /* UserLocation.swift */,
				A3551E7B25728FCC0006099A /* Comment.swift */,
				A3551E7E25728FF10006099A /* UserIsTyping.swift */,
				A3551EA725734FC10006099A /* CurrentUser.swift */,
			);
			path = Models;
			sourceTree = "<group>";
		};
		A3551E812572921C0006099A /* Networking */ = {
			isa = PBXGroup;
			children = (
				A3551E45257252480006099A /* MapsNetworking.swift */,
				A3551EA425734E260006099A /* LocationNetworking.swift */,
				A3551EC02573901A0006099A /* UserListNetworking.swift */,
				A3C195DC25778FD600BAB46B /* FirestoreManager.swift */,
				A3C195DF2577902100BAB46B /* StorageManager.swift */,
				A313700E257E58C400CEA185 /* PostManager.swift */,
				A331584A257FC950004CC86C /* UserManager.swift */,
				A3137014257E872500CEA185 /* CacheManager.swift */,
			);
			path = Networking;
			sourceTree = "<group>";
		};
		A3551E82257292570006099A /* Storyboards */ = {
			isa = PBXGroup;
			children = (
				A3CEA9A0256F87F1001DA842 /* Main.storyboard */,
				A3EE02EC257B5FEB00459C54 /* Camera.storyboard */,
				A3EE02F8257B6D7300459C54 /* Launch Screen.storyboard */,
				A3C195E22577934C00BAB46B /* Auth.storyboard */,
				A3EE0317257BB57600459C54 /* Settings.storyboard */,
				A3C136A4257BE0C200960B4C /* EditProfile.storyboard */,
			);
			path = Storyboards;
			sourceTree = "<group>";
		};
		A3551E83257292950006099A /* Helpers + Extension */ = {
			isa = PBXGroup;
			children = (
				A3551EA12572AEE50006099A /* Calendar + Extension.swift */,
				A3551EAD25735B000006099A /* UIImageView + Extension.swift */,
				A316BE502575245C00989152 /* UIViewController + Extension.swift */,
				A3C195A125765F0200BAB46B /* UILabel + Extension.swift */,
				A3C195E625779A9C00BAB46B /* UIView + Extension.swift */,
				A344F41B257A61CA0048B754 /* RoundedCornerButton.swift */,
				A3C136D3257CBC9500960B4C /* UITextView + Extension.swift */,
				A3137011257E5C4100CEA185 /* UIImage + Extension.swift */,
				A313701A257EBB1D00CEA185 /* UINavigationController + Extension.swift */,
				A331583D257F931F004CC86C /* DataClass.swift */,
				A33EFB422580FF0F00E9F336 /* Storyboard + Enum.swift */,
				A33EFB45258145AF00E9F336 /* UIColor + Extension.swift */,
			);
			path = "Helpers + Extension";
			sourceTree = "<group>";
		};
		A3551E9D2572A5CB0006099A /* MapAnnotationViews */ = {
			isa = PBXGroup;
			children = (
				A3551E9E2572A5F10006099A /* AnnotationPin.swift */,
				A3551EAA257358A30006099A /* UserAnnotationView.swift */,
				A3551EB1257361820006099A /* CurrentUserAnnotationView.swift */,
				A3551EBB257378FB0006099A /* CustomUserLocationAnnotationView.swift */,
				A3551EB4257363D70006099A /* UserInfoTab.swift */,
			);
			path = MapAnnotationViews;
			sourceTree = "<group>";
		};
		A3551EB7257371F50006099A /* MapViews */ = {
			isa = PBXGroup;
			children = (
				A3551EB8257372890006099A /* MGLMapViewDelegate + Extension.swift */,
			);
			path = MapViews;
			sourceTree = "<group>";
		};
		A35BCC222570EFED0090B95E /* Maps */ = {
			isa = PBXGroup;
			children = (
				A3CEA99E256F87F1001DA842 /* MapsViewController.swift */,
				A3551EB7257371F50006099A /* MapViews */,
				A3551E9D2572A5CB0006099A /* MapAnnotationViews */,
			);
			path = Maps;
			sourceTree = "<group>";
		};
		A3C136AC257C778F00960B4C /* Camera */ = {
			isa = PBXGroup;
			children = (
				A316BED72575323700989152 /* CameraViewController.swift */,
			);
			path = Camera;
			sourceTree = "<group>";
		};
		A3C136D7257CC4EB00960B4C /* EditProfile */ = {
			isa = PBXGroup;
			children = (
				A3C136A8257BE3C500960B4C /* EditProfileTableViewController.swift */,
				A3C136D9257CC50700960B4C /* EditNameViewController.swift */,
				A3136FC3257DF3C000CEA185 /* EditUsernameViewController.swift */,
				A3136FC6257E04DE00CEA185 /* EditBioViewController.swift */,
			);
			path = EditProfile;
			sourceTree = "<group>";
		};
		A3C195A42577661F00BAB46B /* Resources */ = {
			isa = PBXGroup;
			children = (
				A3CEA99A256F87F1001DA842 /* AppDelegate.swift */,
				A3CEA99C256F87F1001DA842 /* SceneDelegate.swift */,
				A3CEA9A3256F87F1001DA842 /* Yogogo.xcdatamodeld */,
				A35BCC1C2570C6290090B95E /* GoogleService-Info.plist */,
			);
			path = Resources;
			sourceTree = "<group>";
		};
		A3C195A52577666B00BAB46B /* Views */ = {
			isa = PBXGroup;
			children = (
				A3551E82257292570006099A /* Storyboards */,
				A3CEA9A6256F87F4001DA842 /* Assets.xcassets */,
			);
			path = Views;
			sourceTree = "<group>";
		};
		A3C195A62577668F00BAB46B /* Controllers */ = {
			isa = PBXGroup;
			children = (
				A3C195AD2577721F00BAB46B /* Core Tabs */,
				A3C195AF2577724500BAB46B /* General */,
				A3C195B02577741A00BAB46B /* Auth */,
			);
			path = Controllers;
			sourceTree = "<group>";
		};
		A3C195A72577672B00BAB46B /* Messages */ = {
			isa = PBXGroup;
			children = (
				A3C195B72577751600BAB46B /* MessagesViewController.swift */,
			);
			path = Messages;
			sourceTree = "<group>";
		};
		A3C195AD2577721F00BAB46B /* Core Tabs */ = {
			isa = PBXGroup;
			children = (
				A316BE0F2574E7AB00989152 /* Feed */,
				A316BE47257504E700989152 /* Search */,
				A35BCC222570EFED0090B95E /* Maps */,
				A3C195A72577672B00BAB46B /* Messages */,
				A316BF082575805500989152 /* Profile */,
			);
			path = "Core Tabs";
			sourceTree = "<group>";
		};
		A3C195AF2577724500BAB46B /* General */ = {
			isa = PBXGroup;
			children = (
				A3EE0314257BB42E00459C54 /* Post */,
				A3C136AC257C778F00960B4C /* Camera */,
				A3C195BB257775FF00BAB46B /* NotificationsViewController.swift */,
				A3C195C82577783800BAB46B /* UserListViewController.swift */,
				A3EE0327257BB98500459C54 /* SettingsTableViewController.swift */,
				A3C195CB257778F200BAB46B /* PostEditorViewController.swift */,
				A3C195CE2577790600BAB46B /* PublishPostViewController.swift */,
				A3C136D7257CC4EB00960B4C /* EditProfile */,
			);
			path = General;
			sourceTree = "<group>";
		};
		A3C195B02577741A00BAB46B /* Auth */ = {
			isa = PBXGroup;
			children = (
				A3EE02E8257B489700459C54 /* WelcomeViewController.swift */,
				A3C195B12577746C00BAB46B /* SignInViewController.swift */,
				A3C195B42577747D00BAB46B /* SignUpViewController.swift */,
				A3315843257FC072004CC86C /* PickUsernameViewController.swift */,
				A3315846257FC07F004CC86C /* PickProfilePhotoViewController.swift */,
			);
			path = Auth;
			sourceTree = "<group>";
		};
		A3CEA98E256F87F1001DA842 = {
			isa = PBXGroup;
			children = (
				A3CEA999256F87F1001DA842 /* Yogogo */,
				A3EE0308257B7B2500459C54 /* launchscreen_logo_0.png */,
				A3315840257FB1FB004CC86C /* launchscreen_logo_0.png */,
				A3CEA998256F87F1001DA842 /* Products */,
				85420101885810C289ADB45C /* Pods */,
				C2A847738FFA764735640344 /* Frameworks */,
			);
			sourceTree = "<group>";
		};
		A3CEA998256F87F1001DA842 /* Products */ = {
			isa = PBXGroup;
			children = (
				A3CEA997256F87F1001DA842 /* Yogogo.app */,
			);
			name = Products;
			sourceTree = "<group>";
		};
		A3CEA999256F87F1001DA842 /* Yogogo */ = {
			isa = PBXGroup;
			children = (
				A3551E812572921C0006099A /* Networking */,
				A3551E49257255F50006099A /* Models */,
				A3C195A52577666B00BAB46B /* Views */,
				A3C195A62577668F00BAB46B /* Controllers */,
				A3C195A42577661F00BAB46B /* Resources */,
				A3551E83257292950006099A /* Helpers + Extension */,
				A3CEA9AB256F87F4001DA842 /* Info.plist */,
				A3EE0310257B8E5900459C54 /* Yogogo.entitlements */,
			);
			path = Yogogo;
			sourceTree = "<group>";
		};
		A3EE0314257BB42E00459C54 /* Post */ = {
			isa = PBXGroup;
			children = (
				A3C195BF257777A500BAB46B /* PostViewController.swift */,
				A38293912578DF770064D971 /* PostTableViewCell.swift */,
			);
			path = Post;
			sourceTree = "<group>";
		};
		C2A847738FFA764735640344 /* Frameworks */ = {
			isa = PBXGroup;
			children = (
				A35BCC1F2570EF830090B95E /* MapKit.framework */,
				C8F10A593450A151479F13EE /* Pods_Yogogo.framework */,
			);
			name = Frameworks;
			sourceTree = "<group>";
		};
/* End PBXGroup section */

/* Begin PBXNativeTarget section */
		A3CEA996256F87F1001DA842 /* Yogogo */ = {
			isa = PBXNativeTarget;
			buildConfigurationList = A3CEA9AE256F87F4001DA842 /* Build configuration list for PBXNativeTarget "Yogogo" */;
			buildPhases = (
				9FC4F9586A534861E9DB182A /* [CP] Check Pods Manifest.lock */,
				A3CEA993256F87F1001DA842 /* Sources */,
				A3CEA994256F87F1001DA842 /* Frameworks */,
				A3CEA995256F87F1001DA842 /* Resources */,
				DD074ED46075183F63C4BDDE /* [CP] Embed Pods Frameworks */,
				A35BCC1A2570B6330090B95E /* SwiftLint */,
			);
			buildRules = (
			);
			dependencies = (
			);
			name = Yogogo;
			productName = Yogogo;
			productReference = A3CEA997256F87F1001DA842 /* Yogogo.app */;
			productType = "com.apple.product-type.application";
		};
/* End PBXNativeTarget section */

/* Begin PBXProject section */
		A3CEA98F256F87F1001DA842 /* Project object */ = {
			isa = PBXProject;
			attributes = {
				LastSwiftUpdateCheck = 1220;
				LastUpgradeCheck = 1220;
				TargetAttributes = {
					A3CEA996256F87F1001DA842 = {
						CreatedOnToolsVersion = 12.2;
					};
				};
			};
			buildConfigurationList = A3CEA992256F87F1001DA842 /* Build configuration list for PBXProject "Yogogo" */;
			compatibilityVersion = "Xcode 9.3";
			developmentRegion = en;
			hasScannedForEncodings = 0;
			knownRegions = (
				en,
				Base,
			);
			mainGroup = A3CEA98E256F87F1001DA842;
			productRefGroup = A3CEA998256F87F1001DA842 /* Products */;
			projectDirPath = "";
			projectRoot = "";
			targets = (
				A3CEA996256F87F1001DA842 /* Yogogo */,
			);
		};
/* End PBXProject section */

/* Begin PBXResourcesBuildPhase section */
		A3CEA995256F87F1001DA842 /* Resources */ = {
			isa = PBXResourcesBuildPhase;
			buildActionMask = 2147483647;
			files = (
				A3EE02ED257B5FEB00459C54 /* Camera.storyboard in Resources */,
				A35BCC1D2570C6290090B95E /* GoogleService-Info.plist in Resources */,
				A3CEA9A7256F87F4001DA842 /* Assets.xcassets in Resources */,
				A3EE0318257BB57600459C54 /* Settings.storyboard in Resources */,
				A3C195E32577934C00BAB46B /* Auth.storyboard in Resources */,
				A3C136A5257BE0C200960B4C /* EditProfile.storyboard in Resources */,
				A3CEA9A2256F87F1001DA842 /* Main.storyboard in Resources */,
				A3315841257FB1FB004CC86C /* launchscreen_logo_0.png in Resources */,
				A3EE02F9257B6D7300459C54 /* Launch Screen.storyboard in Resources */,
			);
			runOnlyForDeploymentPostprocessing = 0;
		};
/* End PBXResourcesBuildPhase section */

/* Begin PBXShellScriptBuildPhase section */
		9FC4F9586A534861E9DB182A /* [CP] Check Pods Manifest.lock */ = {
			isa = PBXShellScriptBuildPhase;
			buildActionMask = 2147483647;
			files = (
			);
			inputFileListPaths = (
			);
			inputPaths = (
				"${PODS_PODFILE_DIR_PATH}/Podfile.lock",
				"${PODS_ROOT}/Manifest.lock",
			);
			name = "[CP] Check Pods Manifest.lock";
			outputFileListPaths = (
			);
			outputPaths = (
				"$(DERIVED_FILE_DIR)/Pods-Yogogo-checkManifestLockResult.txt",
			);
			runOnlyForDeploymentPostprocessing = 0;
			shellPath = /bin/sh;
			shellScript = "diff \"${PODS_PODFILE_DIR_PATH}/Podfile.lock\" \"${PODS_ROOT}/Manifest.lock\" > /dev/null\nif [ $? != 0 ] ; then\n    # print error to STDERR\n    echo \"error: The sandbox is not in sync with the Podfile.lock. Run 'pod install' or update your CocoaPods installation.\" >&2\n    exit 1\nfi\n# This output is used by Xcode 'outputs' to avoid re-running this script phase.\necho \"SUCCESS\" > \"${SCRIPT_OUTPUT_FILE_0}\"\n";
			showEnvVarsInLog = 0;
		};
		A35BCC1A2570B6330090B95E /* SwiftLint */ = {
			isa = PBXShellScriptBuildPhase;
			buildActionMask = 2147483647;
			files = (
			);
			inputFileListPaths = (
			);
			inputPaths = (
			);
			name = SwiftLint;
			outputFileListPaths = (
			);
			outputPaths = (
			);
			runOnlyForDeploymentPostprocessing = 0;
			shellPath = /bin/sh;
			shellScript = "\"${PODS_ROOT}/SwiftLint/swiftlint\"\n";
		};
		DD074ED46075183F63C4BDDE /* [CP] Embed Pods Frameworks */ = {
			isa = PBXShellScriptBuildPhase;
			buildActionMask = 2147483647;
			files = (
			);
			inputFileListPaths = (
				"${PODS_ROOT}/Target Support Files/Pods-Yogogo/Pods-Yogogo-frameworks-${CONFIGURATION}-input-files.xcfilelist",
			);
			name = "[CP] Embed Pods Frameworks";
			outputFileListPaths = (
				"${PODS_ROOT}/Target Support Files/Pods-Yogogo/Pods-Yogogo-frameworks-${CONFIGURATION}-output-files.xcfilelist",
			);
			runOnlyForDeploymentPostprocessing = 0;
			shellPath = /bin/sh;
			shellScript = "\"${PODS_ROOT}/Target Support Files/Pods-Yogogo/Pods-Yogogo-frameworks.sh\"\n";
			showEnvVarsInLog = 0;
		};
/* End PBXShellScriptBuildPhase section */

/* Begin PBXSourcesBuildPhase section */
		A3CEA993256F87F1001DA842 /* Sources */ = {
			isa = PBXSourcesBuildPhase;
			buildActionMask = 2147483647;
			files = (
				A33EFB46258145AF00E9F336 /* UIColor + Extension.swift in Sources */,
				A3551E7F25728FF10006099A /* UserIsTyping.swift in Sources */,
				A3551EA525734E260006099A /* LocationNetworking.swift in Sources */,
				A3551EB2257361820006099A /* CurrentUserAnnotationView.swift in Sources */,
				A3551EB9257372890006099A /* MGLMapViewDelegate + Extension.swift in Sources */,
				A316BED82575323700989152 /* CameraViewController.swift in Sources */,
				A313700F257E58C400CEA185 /* PostManager.swift in Sources */,
				A3C195C92577783800BAB46B /* UserListViewController.swift in Sources */,
				A3C195ED2577E35F00BAB46B /* MyProfileViewController.swift in Sources */,
				A331583E257F931F004CC86C /* DataClass.swift in Sources */,
				A3137012257E5C4100CEA185 /* UIImage + Extension.swift in Sources */,
				A3551EAB257358A30006099A /* UserAnnotationView.swift in Sources */,
				A3551E46257252490006099A /* MapsNetworking.swift in Sources */,
				A3C195CF2577790600BAB46B /* PublishPostViewController.swift in Sources */,
				A316BE512575245D00989152 /* UIViewController + Extension.swift in Sources */,
				A331584B257FC950004CC86C /* UserManager.swift in Sources */,
				A3551E7C25728FCC0006099A /* Comment.swift in Sources */,
				A38293922578DF770064D971 /* PostTableViewCell.swift in Sources */,
				A3CEA99F256F87F1001DA842 /* MapsViewController.swift in Sources */,
				A3315847257FC07F004CC86C /* PickProfilePhotoViewController.swift in Sources */,
				A3C195B22577746C00BAB46B /* SignInViewController.swift in Sources */,
				A3C195A225765F0200BAB46B /* UILabel + Extension.swift in Sources */,
				A33EFB432580FF0F00E9F336 /* Storyboard + Enum.swift in Sources */,
				A3C136D4257CBC9500960B4C /* UITextView + Extension.swift in Sources */,
				A316BE4A2575070D00989152 /* SearchTableViewCell.swift in Sources */,
				A3137015257E872500CEA185 /* CacheManager.swift in Sources */,
				A344F41C257A61CA0048B754 /* RoundedCornerButton.swift in Sources */,
				A3CEA99B256F87F1001DA842 /* AppDelegate.swift in Sources */,
				A3551E7725728F610006099A /* Post.swift in Sources */,
				A38293B025793CF50064D971 /* UserLocation.swift in Sources */,
				A3C195F02577E7CF00BAB46B /* MyProfileHeaderCollectionReusableView.swift in Sources */,
				A3C195B82577751600BAB46B /* MessagesViewController.swift in Sources */,
				A3C195E02577902100BAB46B /* StorageManager.swift in Sources */,
				A3551EC12573901A0006099A /* UserListNetworking.swift in Sources */,
				A3551E9F2572A5F10006099A /* AnnotationPin.swift in Sources */,
				A3551EB5257363D70006099A /* UserInfoTab.swift in Sources */,
				A316BE402574F30700989152 /* FeedViewController.swift in Sources */,
				A3315844257FC072004CC86C /* PickUsernameViewController.swift in Sources */,
				A3C136A9257BE3C500960B4C /* EditProfileTableViewController.swift in Sources */,
				A3EE02E9257B489800459C54 /* WelcomeViewController.swift in Sources */,
				A3C195C0257777A500BAB46B /* PostViewController.swift in Sources */,
				A3551EAE25735B000006099A /* UIImageView + Extension.swift in Sources */,
				A3CEA99D256F87F1001DA842 /* SceneDelegate.swift in Sources */,
				A3CEA9A5256F87F1001DA842 /* Yogogo.xcdatamodeld in Sources */,
				A3136FC4257DF3C000CEA185 /* EditUsernameViewController.swift in Sources */,
				A3EE0328257BB98500459C54 /* SettingsTableViewController.swift in Sources */,
				A3C195CC257778F200BAB46B /* PostEditorViewController.swift in Sources */,
				A313701B257EBB1D00CEA185 /* UINavigationController + Extension.swift in Sources */,
				A3C195E725779A9C00BAB46B /* UIView + Extension.swift in Sources */,
				A3C195DD25778FD600BAB46B /* FirestoreManager.swift in Sources */,
				A316BE4D2575072200989152 /* SearchViewController.swift in Sources */,
				A3C195B52577747D00BAB46B /* SignUpViewController.swift in Sources */,
				A3136FC7257E04DE00CEA185 /* EditBioViewController.swift in Sources */,
				A3551E4B257256110006099A /* User.swift in Sources */,
				A3551EA22572AEE50006099A /* Calendar + Extension.swift in Sources */,
				A3551EBC257378FB0006099A /* CustomUserLocationAnnotationView.swift in Sources */,
				A3C136DA257CC50700960B4C /* EditNameViewController.swift in Sources */,
				A3551EA825734FC10006099A /* CurrentUser.swift in Sources */,
				A316BE432574F3F400989152 /* FeedTableViewCell.swift in Sources */,
				A3C195EA2577D6E600BAB46B /* MyPhotoCollectionViewCell.swift in Sources */,
				A3C195BC257775FF00BAB46B /* NotificationsViewController.swift in Sources */,
				A3C195F32577E80900BAB46B /* MyProfileTabsCollectionReusableView.swift in Sources */,
			);
			runOnlyForDeploymentPostprocessing = 0;
		};
/* End PBXSourcesBuildPhase section */

/* Begin PBXVariantGroup section */
		A3CEA9A0256F87F1001DA842 /* Main.storyboard */ = {
			isa = PBXVariantGroup;
			children = (
				A3CEA9A1256F87F1001DA842 /* Base */,
			);
			name = Main.storyboard;
			sourceTree = "<group>";
		};
/* End PBXVariantGroup section */

/* Begin XCBuildConfiguration section */
		A3CEA9AC256F87F4001DA842 /* Debug */ = {
			isa = XCBuildConfiguration;
			buildSettings = {
				ALWAYS_SEARCH_USER_PATHS = NO;
				CLANG_ANALYZER_NONNULL = YES;
				CLANG_ANALYZER_NUMBER_OBJECT_CONVERSION = YES_AGGRESSIVE;
				CLANG_CXX_LANGUAGE_STANDARD = "gnu++14";
				CLANG_CXX_LIBRARY = "libc++";
				CLANG_ENABLE_MODULES = YES;
				CLANG_ENABLE_OBJC_ARC = YES;
				CLANG_ENABLE_OBJC_WEAK = YES;
				CLANG_WARN_BLOCK_CAPTURE_AUTORELEASING = YES;
				CLANG_WARN_BOOL_CONVERSION = YES;
				CLANG_WARN_COMMA = YES;
				CLANG_WARN_CONSTANT_CONVERSION = YES;
				CLANG_WARN_DEPRECATED_OBJC_IMPLEMENTATIONS = YES;
				CLANG_WARN_DIRECT_OBJC_ISA_USAGE = YES_ERROR;
				CLANG_WARN_DOCUMENTATION_COMMENTS = YES;
				CLANG_WARN_EMPTY_BODY = YES;
				CLANG_WARN_ENUM_CONVERSION = YES;
				CLANG_WARN_INFINITE_RECURSION = YES;
				CLANG_WARN_INT_CONVERSION = YES;
				CLANG_WARN_NON_LITERAL_NULL_CONVERSION = YES;
				CLANG_WARN_OBJC_IMPLICIT_RETAIN_SELF = YES;
				CLANG_WARN_OBJC_LITERAL_CONVERSION = YES;
				CLANG_WARN_OBJC_ROOT_CLASS = YES_ERROR;
				CLANG_WARN_QUOTED_INCLUDE_IN_FRAMEWORK_HEADER = YES;
				CLANG_WARN_RANGE_LOOP_ANALYSIS = YES;
				CLANG_WARN_STRICT_PROTOTYPES = YES;
				CLANG_WARN_SUSPICIOUS_MOVE = YES;
				CLANG_WARN_UNGUARDED_AVAILABILITY = YES_AGGRESSIVE;
				CLANG_WARN_UNREACHABLE_CODE = YES;
				CLANG_WARN__DUPLICATE_METHOD_MATCH = YES;
				COPY_PHASE_STRIP = NO;
				DEBUG_INFORMATION_FORMAT = dwarf;
				ENABLE_STRICT_OBJC_MSGSEND = YES;
				ENABLE_TESTABILITY = YES;
				GCC_C_LANGUAGE_STANDARD = gnu11;
				GCC_DYNAMIC_NO_PIC = NO;
				GCC_NO_COMMON_BLOCKS = YES;
				GCC_OPTIMIZATION_LEVEL = 0;
				GCC_PREPROCESSOR_DEFINITIONS = (
					"DEBUG=1",
					"$(inherited)",
				);
				GCC_WARN_64_TO_32_BIT_CONVERSION = YES;
				GCC_WARN_ABOUT_RETURN_TYPE = YES_ERROR;
				GCC_WARN_UNDECLARED_SELECTOR = YES;
				GCC_WARN_UNINITIALIZED_AUTOS = YES_AGGRESSIVE;
				GCC_WARN_UNUSED_FUNCTION = YES;
				GCC_WARN_UNUSED_VARIABLE = YES;
				IPHONEOS_DEPLOYMENT_TARGET = 14.2;
				MTL_ENABLE_DEBUG_INFO = INCLUDE_SOURCE;
				MTL_FAST_MATH = YES;
				ONLY_ACTIVE_ARCH = YES;
				SDKROOT = iphoneos;
				SWIFT_ACTIVE_COMPILATION_CONDITIONS = DEBUG;
				SWIFT_OPTIMIZATION_LEVEL = "-Onone";
			};
			name = Debug;
		};
		A3CEA9AD256F87F4001DA842 /* Release */ = {
			isa = XCBuildConfiguration;
			buildSettings = {
				ALWAYS_SEARCH_USER_PATHS = NO;
				CLANG_ANALYZER_NONNULL = YES;
				CLANG_ANALYZER_NUMBER_OBJECT_CONVERSION = YES_AGGRESSIVE;
				CLANG_CXX_LANGUAGE_STANDARD = "gnu++14";
				CLANG_CXX_LIBRARY = "libc++";
				CLANG_ENABLE_MODULES = YES;
				CLANG_ENABLE_OBJC_ARC = YES;
				CLANG_ENABLE_OBJC_WEAK = YES;
				CLANG_WARN_BLOCK_CAPTURE_AUTORELEASING = YES;
				CLANG_WARN_BOOL_CONVERSION = YES;
				CLANG_WARN_COMMA = YES;
				CLANG_WARN_CONSTANT_CONVERSION = YES;
				CLANG_WARN_DEPRECATED_OBJC_IMPLEMENTATIONS = YES;
				CLANG_WARN_DIRECT_OBJC_ISA_USAGE = YES_ERROR;
				CLANG_WARN_DOCUMENTATION_COMMENTS = YES;
				CLANG_WARN_EMPTY_BODY = YES;
				CLANG_WARN_ENUM_CONVERSION = YES;
				CLANG_WARN_INFINITE_RECURSION = YES;
				CLANG_WARN_INT_CONVERSION = YES;
				CLANG_WARN_NON_LITERAL_NULL_CONVERSION = YES;
				CLANG_WARN_OBJC_IMPLICIT_RETAIN_SELF = YES;
				CLANG_WARN_OBJC_LITERAL_CONVERSION = YES;
				CLANG_WARN_OBJC_ROOT_CLASS = YES_ERROR;
				CLANG_WARN_QUOTED_INCLUDE_IN_FRAMEWORK_HEADER = YES;
				CLANG_WARN_RANGE_LOOP_ANALYSIS = YES;
				CLANG_WARN_STRICT_PROTOTYPES = YES;
				CLANG_WARN_SUSPICIOUS_MOVE = YES;
				CLANG_WARN_UNGUARDED_AVAILABILITY = YES_AGGRESSIVE;
				CLANG_WARN_UNREACHABLE_CODE = YES;
				CLANG_WARN__DUPLICATE_METHOD_MATCH = YES;
				COPY_PHASE_STRIP = NO;
				DEBUG_INFORMATION_FORMAT = "dwarf-with-dsym";
				ENABLE_NS_ASSERTIONS = NO;
				ENABLE_STRICT_OBJC_MSGSEND = YES;
				GCC_C_LANGUAGE_STANDARD = gnu11;
				GCC_NO_COMMON_BLOCKS = YES;
				GCC_WARN_64_TO_32_BIT_CONVERSION = YES;
				GCC_WARN_ABOUT_RETURN_TYPE = YES_ERROR;
				GCC_WARN_UNDECLARED_SELECTOR = YES;
				GCC_WARN_UNINITIALIZED_AUTOS = YES_AGGRESSIVE;
				GCC_WARN_UNUSED_FUNCTION = YES;
				GCC_WARN_UNUSED_VARIABLE = YES;
				IPHONEOS_DEPLOYMENT_TARGET = 14.2;
				MTL_ENABLE_DEBUG_INFO = NO;
				MTL_FAST_MATH = YES;
				SDKROOT = iphoneos;
				SWIFT_COMPILATION_MODE = wholemodule;
				SWIFT_OPTIMIZATION_LEVEL = "-O";
				VALIDATE_PRODUCT = YES;
			};
			name = Release;
		};
		A3CEA9AF256F87F4001DA842 /* Debug */ = {
			isa = XCBuildConfiguration;
			baseConfigurationReference = 156181625CD64B20800EA195 /* Pods-Yogogo.debug.xcconfig */;
			buildSettings = {
				ASSETCATALOG_COMPILER_APPICON_NAME = AppIcon;
				ASSETCATALOG_COMPILER_GLOBAL_ACCENT_COLOR_NAME = AccentColor;
				CODE_SIGN_ENTITLEMENTS = Yogogo/Yogogo.entitlements;
				CODE_SIGN_STYLE = Automatic;
				DEVELOPMENT_TEAM = YQ4Y66HUTL;
				INFOPLIST_FILE = Yogogo/Info.plist;
				IPHONEOS_DEPLOYMENT_TARGET = 14.2;
				LD_RUNPATH_SEARCH_PATHS = (
					"$(inherited)",
					"@executable_path/Frameworks",
				);
				PRODUCT_BUNDLE_IDENTIFIER = com.Prince.Yogogo;
				PRODUCT_NAME = "$(TARGET_NAME)";
				SWIFT_VERSION = 5.0;
				TARGETED_DEVICE_FAMILY = "1,2";
			};
			name = Debug;
		};
		A3CEA9B0256F87F4001DA842 /* Release */ = {
			isa = XCBuildConfiguration;
			baseConfigurationReference = CD5866D8A6CE4D3ADE008249 /* Pods-Yogogo.release.xcconfig */;
			buildSettings = {
				ASSETCATALOG_COMPILER_APPICON_NAME = AppIcon;
				ASSETCATALOG_COMPILER_GLOBAL_ACCENT_COLOR_NAME = AccentColor;
				CODE_SIGN_ENTITLEMENTS = Yogogo/Yogogo.entitlements;
				CODE_SIGN_STYLE = Automatic;
				DEVELOPMENT_TEAM = YQ4Y66HUTL;
				INFOPLIST_FILE = Yogogo/Info.plist;
				IPHONEOS_DEPLOYMENT_TARGET = 14.2;
				LD_RUNPATH_SEARCH_PATHS = (
					"$(inherited)",
					"@executable_path/Frameworks",
				);
				PRODUCT_BUNDLE_IDENTIFIER = com.Prince.Yogogo;
				PRODUCT_NAME = "$(TARGET_NAME)";
				SWIFT_VERSION = 5.0;
				TARGETED_DEVICE_FAMILY = "1,2";
			};
			name = Release;
		};
/* End XCBuildConfiguration section */

/* Begin XCConfigurationList section */
		A3CEA992256F87F1001DA842 /* Build configuration list for PBXProject "Yogogo" */ = {
			isa = XCConfigurationList;
			buildConfigurations = (
				A3CEA9AC256F87F4001DA842 /* Debug */,
				A3CEA9AD256F87F4001DA842 /* Release */,
			);
			defaultConfigurationIsVisible = 0;
			defaultConfigurationName = Release;
		};
		A3CEA9AE256F87F4001DA842 /* Build configuration list for PBXNativeTarget "Yogogo" */ = {
			isa = XCConfigurationList;
			buildConfigurations = (
				A3CEA9AF256F87F4001DA842 /* Debug */,
				A3CEA9B0256F87F4001DA842 /* Release */,
			);
			defaultConfigurationIsVisible = 0;
			defaultConfigurationName = Release;
		};
/* End XCConfigurationList section */

/* Begin XCVersionGroup section */
		A3CEA9A3256F87F1001DA842 /* Yogogo.xcdatamodeld */ = {
			isa = XCVersionGroup;
			children = (
				A3CEA9A4256F87F1001DA842 /* Yogogo.xcdatamodel */,
			);
			currentVersion = A3CEA9A4256F87F1001DA842 /* Yogogo.xcdatamodel */;
			path = Yogogo.xcdatamodeld;
			sourceTree = "<group>";
			versionGroupType = wrapper.xcdatamodel;
		};
/* End XCVersionGroup section */
	};
	rootObject = A3CEA98F256F87F1001DA842 /* Project object */;
}
